{
  "version": 4,
  "terraform_version": "1.2.7",
  "serial": 113,
  "lineage": "ddc711bf-8996-2d32-f3f3-e8964358b5e5",
  "outputs": {},
  "resources": [
    {
      "mode": "data",
      "type": "azurerm_image",
      "name": "packer-image",
      "provider": "provider[\"registry.terraform.io/hashicorp/azurerm\"]",
      "instances": [
        {
          "schema_version": 0,
          "attributes": {
            "data_disk": [],
            "id": "/subscriptions/1780bc89-8672-4bcd-8b0f-016eb40d22da/resourceGroups/azdevops-rg/providers/Microsoft.Compute/images/packer-image",
            "location": "westus",
            "name": "packer-image",
            "name_regex": null,
            "os_disk": [
              {
                "blob_uri": "",
                "caching": "ReadWrite",
                "managed_disk_id": "/subscriptions/1780bc89-8672-4bcd-8b0f-016eb40d22da/resourceGroups/pkr-Resource-Group-4xsg2out2w/providers/Microsoft.Compute/disks/pkros4xsg2out2w",
                "os_state": "Generalized",
                "os_type": "Linux",
                "size_gb": 30
              }
            ],
            "resource_group_name": "azdevops-rg",
            "sort_descending": false,
            "tags": {
              "environment": "dev",
              "project": "Deploy Web Server in Azure"
            },
            "timeouts": null,
            "zone_resilient": false
          },
          "sensitive_attributes": []
        }
      ]
    },
    {
      "mode": "managed",
      "type": "azurerm_availability_set",
      "name": "main",
      "provider": "provider[\"registry.terraform.io/hashicorp/azurerm\"]",
      "instances": [
        {
          "schema_version": 0,
          "attributes": {
            "id": "/subscriptions/1780bc89-8672-4bcd-8b0f-016eb40d22da/resourceGroups/azdevops-rg/providers/Microsoft.Compute/availabilitySets/azdevops-avset",
            "location": "westus",
            "managed": true,
            "name": "azdevops-avset",
            "platform_fault_domain_count": 2,
            "platform_update_domain_count": 5,
            "proximity_placement_group_id": null,
            "resource_group_name": "azdevops-rg",
            "tags": {
              "environment": "dev",
              "project": "Deploy Web Server in Azure"
            },
            "timeouts": null
          },
          "sensitive_attributes": [],
          "private": "eyJlMmJmYjczMC1lY2FhLTExZTYtOGY4OC0zNDM2M2JjN2M0YzAiOnsiY3JlYXRlIjoxODAwMDAwMDAwMDAwLCJkZWxldGUiOjE4MDAwMDAwMDAwMDAsInJlYWQiOjMwMDAwMDAwMDAwMCwidXBkYXRlIjoxODAwMDAwMDAwMDAwfX0=",
          "dependencies": [
            "azurerm_resource_group.main"
          ]
        }
      ]
    },
    {
      "mode": "managed",
      "type": "azurerm_lb",
      "name": "main",
      "provider": "provider[\"registry.terraform.io/hashicorp/azurerm\"]",
      "instances": [
        {
          "schema_version": 0,
          "attributes": {
            "edge_zone": "",
            "frontend_ip_configuration": [
              {
                "gateway_load_balancer_frontend_ip_configuration_id": "",
                "id": "/subscriptions/1780bc89-8672-4bcd-8b0f-016eb40d22da/resourceGroups/azdevops-rg/providers/Microsoft.Network/loadBalancers/azdevops-lb/frontendIPConfigurations/azdevops-lbfrontend",
                "inbound_nat_rules": [],
                "load_balancer_rules": [],
                "name": "azdevops-lbfrontend",
                "outbound_rules": [],
                "private_ip_address": "",
                "private_ip_address_allocation": "Dynamic",
                "private_ip_address_version": "",
                "public_ip_address_id": "/subscriptions/1780bc89-8672-4bcd-8b0f-016eb40d22da/resourceGroups/azdevops-rg/providers/Microsoft.Network/publicIPAddresses/azdevops-ip",
                "public_ip_prefix_id": "",
                "subnet_id": "",
                "zones": null
              }
            ],
            "id": "/subscriptions/1780bc89-8672-4bcd-8b0f-016eb40d22da/resourceGroups/azdevops-rg/providers/Microsoft.Network/loadBalancers/azdevops-lb",
            "location": "westus",
            "name": "azdevops-lb",
            "private_ip_address": "",
            "private_ip_addresses": [],
            "resource_group_name": "azdevops-rg",
            "sku": "Standard",
            "sku_tier": "Regional",
            "tags": {
              "environment": "dev",
              "project": "Deploy Web Server in Azure"
            },
            "timeouts": null
          },
          "sensitive_attributes": [],
          "private": "eyJlMmJmYjczMC1lY2FhLTExZTYtOGY4OC0zNDM2M2JjN2M0YzAiOnsiY3JlYXRlIjoxODAwMDAwMDAwMDAwLCJkZWxldGUiOjE4MDAwMDAwMDAwMDAsInJlYWQiOjMwMDAwMDAwMDAwMCwidXBkYXRlIjoxODAwMDAwMDAwMDAwfX0=",
          "dependencies": [
            "azurerm_public_ip.main",
            "azurerm_resource_group.main"
          ]
        }
      ]
    },
    {
      "mode": "managed",
      "type": "azurerm_lb_backend_address_pool",
      "name": "main",
      "provider": "provider[\"registry.terraform.io/hashicorp/azurerm\"]",
      "instances": [
        {
          "schema_version": 0,
          "attributes": {
            "backend_ip_configurations": [],
            "id": "/subscriptions/1780bc89-8672-4bcd-8b0f-016eb40d22da/resourceGroups/azdevops-rg/providers/Microsoft.Network/loadBalancers/azdevops-lb/backendAddressPools/azdevops-backendpool",
            "inbound_nat_rules": [],
            "load_balancing_rules": [],
            "loadbalancer_id": "/subscriptions/1780bc89-8672-4bcd-8b0f-016eb40d22da/resourceGroups/azdevops-rg/providers/Microsoft.Network/loadBalancers/azdevops-lb",
            "name": "azdevops-backendpool",
            "outbound_rules": [],
            "timeouts": null,
            "tunnel_interface": []
          },
          "sensitive_attributes": [],
          "private": "eyJlMmJmYjczMC1lY2FhLTExZTYtOGY4OC0zNDM2M2JjN2M0YzAiOnsiY3JlYXRlIjoxODAwMDAwMDAwMDAwLCJkZWxldGUiOjE4MDAwMDAwMDAwMDAsInJlYWQiOjMwMDAwMDAwMDAwMCwidXBkYXRlIjoxODAwMDAwMDAwMDAwfX0=",
          "dependencies": [
            "azurerm_lb.main",
            "azurerm_public_ip.main",
            "azurerm_resource_group.main"
          ]
        }
      ]
    },
    {
      "mode": "managed",
      "type": "azurerm_lb_probe",
      "name": "main",
      "provider": "provider[\"registry.terraform.io/hashicorp/azurerm\"]",
      "instances": [
        {
          "schema_version": 0,
          "attributes": {
            "id": "/subscriptions/1780bc89-8672-4bcd-8b0f-016eb40d22da/resourceGroups/azdevops-rg/providers/Microsoft.Network/loadBalancers/azdevops-lb/probes/azdevops-lbhealth",
            "interval_in_seconds": 15,
            "load_balancer_rules": [],
            "loadbalancer_id": "/subscriptions/1780bc89-8672-4bcd-8b0f-016eb40d22da/resourceGroups/azdevops-rg/providers/Microsoft.Network/loadBalancers/azdevops-lb",
            "name": "azdevops-lbhealth",
            "number_of_probes": 2,
            "port": 80,
            "protocol": "Tcp",
            "request_path": "",
            "timeouts": null
          },
          "sensitive_attributes": [],
          "private": "eyJlMmJmYjczMC1lY2FhLTExZTYtOGY4OC0zNDM2M2JjN2M0YzAiOnsiY3JlYXRlIjoxODAwMDAwMDAwMDAwLCJkZWxldGUiOjE4MDAwMDAwMDAwMDAsInJlYWQiOjMwMDAwMDAwMDAwMCwidXBkYXRlIjoxODAwMDAwMDAwMDAwfX0=",
          "dependencies": [
            "azurerm_lb.main",
            "azurerm_public_ip.main",
            "azurerm_resource_group.main"
          ]
        }
      ]
    },
    {
      "mode": "managed",
      "type": "azurerm_lb_rule",
      "name": "main",
      "provider": "provider[\"registry.terraform.io/hashicorp/azurerm\"]",
      "instances": [
        {
          "schema_version": 0,
          "attributes": {
            "backend_address_pool_ids": [
              "/subscriptions/1780bc89-8672-4bcd-8b0f-016eb40d22da/resourceGroups/azdevops-rg/providers/Microsoft.Network/loadBalancers/azdevops-lb/backendAddressPools/azdevops-backendpool"
            ],
            "backend_port": 80,
            "disable_outbound_snat": false,
            "enable_floating_ip": false,
            "enable_tcp_reset": false,
            "frontend_ip_configuration_id": "/subscriptions/1780bc89-8672-4bcd-8b0f-016eb40d22da/resourceGroups/azdevops-rg/providers/Microsoft.Network/loadBalancers/azdevops-lb/frontendIPConfigurations/azdevops-lbfrontend",
            "frontend_ip_configuration_name": "azdevops-lbfrontend",
            "frontend_port": 80,
            "id": "/subscriptions/1780bc89-8672-4bcd-8b0f-016eb40d22da/resourceGroups/azdevops-rg/providers/Microsoft.Network/loadBalancers/azdevops-lb/loadBalancingRules/azdevops-lbrule",
            "idle_timeout_in_minutes": 4,
            "load_distribution": "Default",
            "loadbalancer_id": "/subscriptions/1780bc89-8672-4bcd-8b0f-016eb40d22da/resourceGroups/azdevops-rg/providers/Microsoft.Network/loadBalancers/azdevops-lb",
            "name": "azdevops-lbrule",
            "probe_id": "/subscriptions/1780bc89-8672-4bcd-8b0f-016eb40d22da/resourceGroups/azdevops-rg/providers/Microsoft.Network/loadBalancers/azdevops-lb/probes/azdevops-lbhealth",
            "protocol": "Tcp",
            "timeouts": null
          },
          "sensitive_attributes": [],
          "private": "eyJlMmJmYjczMC1lY2FhLTExZTYtOGY4OC0zNDM2M2JjN2M0YzAiOnsiY3JlYXRlIjoxODAwMDAwMDAwMDAwLCJkZWxldGUiOjE4MDAwMDAwMDAwMDAsInJlYWQiOjMwMDAwMDAwMDAwMCwidXBkYXRlIjoxODAwMDAwMDAwMDAwfX0=",
          "dependencies": [
            "azurerm_lb.main",
            "azurerm_lb_backend_address_pool.main",
            "azurerm_lb_probe.main",
            "azurerm_public_ip.main",
            "azurerm_resource_group.main"
          ]
        }
      ]
    },
    {
      "mode": "managed",
      "type": "azurerm_linux_virtual_machine",
      "name": "main",
      "provider": "provider[\"registry.terraform.io/hashicorp/azurerm\"]",
      "instances": [
        {
          "index_key": 0,
          "schema_version": 0,
          "attributes": {
            "additional_capabilities": [],
            "admin_password": "Drsyqkqguk!x4",
            "admin_ssh_key": [],
            "admin_username": "adminuser",
            "allow_extension_operations": true,
            "availability_set_id": "/subscriptions/1780bc89-8672-4bcd-8b0f-016eb40d22da/resourceGroups/azdevops-rg/providers/Microsoft.Compute/availabilitySets/AZDEVOPS-AVSET",
            "boot_diagnostics": [],
            "capacity_reservation_group_id": "",
            "computer_name": "azdevops-vm-0",
            "custom_data": null,
            "dedicated_host_group_id": "",
            "dedicated_host_id": "",
            "disable_password_authentication": false,
            "edge_zone": "",
            "encryption_at_host_enabled": false,
            "eviction_policy": "",
            "extensions_time_budget": "PT1H30M",
            "id": "/subscriptions/1780bc89-8672-4bcd-8b0f-016eb40d22da/resourceGroups/azdevops-rg/providers/Microsoft.Compute/virtualMachines/azdevops-vm-0",
            "identity": [],
            "license_type": "",
            "location": "westus",
            "max_bid_price": -1,
            "name": "azdevops-vm-0",
            "network_interface_ids": [
              "/subscriptions/1780bc89-8672-4bcd-8b0f-016eb40d22da/resourceGroups/azdevops-rg/providers/Microsoft.Network/networkInterfaces/azdevops-nic-0"
            ],
            "os_disk": [
              {
                "caching": "ReadWrite",
                "diff_disk_settings": [],
                "disk_encryption_set_id": "",
                "disk_size_gb": 30,
                "name": "azdevops-osdisk-0",
                "secure_vm_disk_encryption_set_id": "",
                "security_encryption_type": "",
                "storage_account_type": "Standard_LRS",
                "write_accelerator_enabled": false
              }
            ],
            "patch_mode": "ImageDefault",
            "plan": [],
            "platform_fault_domain": -1,
            "priority": "Regular",
            "private_ip_address": "10.0.0.6",
            "private_ip_addresses": [
              "10.0.0.6"
            ],
            "provision_vm_agent": true,
            "proximity_placement_group_id": "",
            "public_ip_address": "",
            "public_ip_addresses": [],
            "resource_group_name": "azdevops-rg",
            "secret": [],
            "secure_boot_enabled": false,
            "size": "Standard_B1s",
            "source_image_id": "/subscriptions/1780bc89-8672-4bcd-8b0f-016eb40d22da/resourceGroups/azdevops-rg/providers/Microsoft.Compute/images/packer-image",
            "source_image_reference": [],
            "tags": {
              "environment": "dev",
              "project": "Deploy Web Server in Azure"
            },
            "termination_notification": null,
            "timeouts": null,
            "user_data": "",
            "virtual_machine_id": "28633884-6ac8-435f-8b59-1d53e90336f5",
            "virtual_machine_scale_set_id": "",
            "vtpm_enabled": false,
            "zone": ""
          },
          "sensitive_attributes": [],
          "private": "eyJlMmJmYjczMC1lY2FhLTExZTYtOGY4OC0zNDM2M2JjN2M0YzAiOnsiY3JlYXRlIjoyNzAwMDAwMDAwMDAwLCJkZWxldGUiOjI3MDAwMDAwMDAwMDAsInJlYWQiOjMwMDAwMDAwMDAwMCwidXBkYXRlIjoyNzAwMDAwMDAwMDAwfX0=",
          "dependencies": [
            "azurerm_availability_set.main",
            "azurerm_network_interface.main",
            "azurerm_resource_group.main",
            "azurerm_subnet.main",
            "azurerm_virtual_network.main",
            "data.azurerm_image.packer-image"
          ]
        },
        {
          "index_key": 1,
          "schema_version": 0,
          "attributes": {
            "additional_capabilities": [],
            "admin_password": "Drsyqkqguk!x4",
            "admin_ssh_key": [],
            "admin_username": "adminuser",
            "allow_extension_operations": true,
            "availability_set_id": "/subscriptions/1780bc89-8672-4bcd-8b0f-016eb40d22da/resourceGroups/azdevops-rg/providers/Microsoft.Compute/availabilitySets/AZDEVOPS-AVSET",
            "boot_diagnostics": [],
            "capacity_reservation_group_id": "",
            "computer_name": "azdevops-vm-1",
            "custom_data": null,
            "dedicated_host_group_id": "",
            "dedicated_host_id": "",
            "disable_password_authentication": false,
            "edge_zone": "",
            "encryption_at_host_enabled": false,
            "eviction_policy": "",
            "extensions_time_budget": "PT1H30M",
            "id": "/subscriptions/1780bc89-8672-4bcd-8b0f-016eb40d22da/resourceGroups/azdevops-rg/providers/Microsoft.Compute/virtualMachines/azdevops-vm-1",
            "identity": [],
            "license_type": "",
            "location": "westus",
            "max_bid_price": -1,
            "name": "azdevops-vm-1",
            "network_interface_ids": [
              "/subscriptions/1780bc89-8672-4bcd-8b0f-016eb40d22da/resourceGroups/azdevops-rg/providers/Microsoft.Network/networkInterfaces/azdevops-nic-1"
            ],
            "os_disk": [
              {
                "caching": "ReadWrite",
                "diff_disk_settings": [],
                "disk_encryption_set_id": "",
                "disk_size_gb": 30,
                "name": "azdevops-osdisk-1",
                "secure_vm_disk_encryption_set_id": "",
                "security_encryption_type": "",
                "storage_account_type": "Standard_LRS",
                "write_accelerator_enabled": false
              }
            ],
            "patch_mode": "ImageDefault",
            "plan": [],
            "platform_fault_domain": -1,
            "priority": "Regular",
            "private_ip_address": "10.0.0.4",
            "private_ip_addresses": [
              "10.0.0.4"
            ],
            "provision_vm_agent": true,
            "proximity_placement_group_id": "",
            "public_ip_address": "",
            "public_ip_addresses": [],
            "resource_group_name": "azdevops-rg",
            "secret": [],
            "secure_boot_enabled": false,
            "size": "Standard_B1s",
            "source_image_id": "/subscriptions/1780bc89-8672-4bcd-8b0f-016eb40d22da/resourceGroups/azdevops-rg/providers/Microsoft.Compute/images/packer-image",
            "source_image_reference": [],
            "tags": {
              "environment": "dev",
              "project": "Deploy Web Server in Azure"
            },
            "termination_notification": null,
            "timeouts": null,
            "user_data": "",
            "virtual_machine_id": "e75f3099-d598-464a-9877-4e3894de76d2",
            "virtual_machine_scale_set_id": "",
            "vtpm_enabled": false,
            "zone": ""
          },
          "sensitive_attributes": [],
          "private": "eyJlMmJmYjczMC1lY2FhLTExZTYtOGY4OC0zNDM2M2JjN2M0YzAiOnsiY3JlYXRlIjoyNzAwMDAwMDAwMDAwLCJkZWxldGUiOjI3MDAwMDAwMDAwMDAsInJlYWQiOjMwMDAwMDAwMDAwMCwidXBkYXRlIjoyNzAwMDAwMDAwMDAwfX0=",
          "dependencies": [
            "azurerm_availability_set.main",
            "azurerm_network_interface.main",
            "azurerm_resource_group.main",
            "azurerm_subnet.main",
            "azurerm_virtual_network.main",
            "data.azurerm_image.packer-image"
          ]
        },
        {
          "index_key": 2,
          "schema_version": 0,
          "attributes": {
            "additional_capabilities": [],
            "admin_password": "Drsyqkqguk!x4",
            "admin_ssh_key": [],
            "admin_username": "adminuser",
            "allow_extension_operations": true,
            "availability_set_id": "/subscriptions/1780bc89-8672-4bcd-8b0f-016eb40d22da/resourceGroups/azdevops-rg/providers/Microsoft.Compute/availabilitySets/AZDEVOPS-AVSET",
            "boot_diagnostics": [],
            "capacity_reservation_group_id": "",
            "computer_name": "azdevops-vm-2",
            "custom_data": null,
            "dedicated_host_group_id": "",
            "dedicated_host_id": "",
            "disable_password_authentication": false,
            "edge_zone": "",
            "encryption_at_host_enabled": false,
            "eviction_policy": "",
            "extensions_time_budget": "PT1H30M",
            "id": "/subscriptions/1780bc89-8672-4bcd-8b0f-016eb40d22da/resourceGroups/azdevops-rg/providers/Microsoft.Compute/virtualMachines/azdevops-vm-2",
            "identity": [],
            "license_type": "",
            "location": "westus",
            "max_bid_price": -1,
            "name": "azdevops-vm-2",
            "network_interface_ids": [
              "/subscriptions/1780bc89-8672-4bcd-8b0f-016eb40d22da/resourceGroups/azdevops-rg/providers/Microsoft.Network/networkInterfaces/azdevops-nic-2"
            ],
            "os_disk": [
              {
                "caching": "ReadWrite",
                "diff_disk_settings": [],
                "disk_encryption_set_id": "",
                "disk_size_gb": 30,
                "name": "azdevops-osdisk-2",
                "secure_vm_disk_encryption_set_id": "",
                "security_encryption_type": "",
                "storage_account_type": "Standard_LRS",
                "write_accelerator_enabled": false
              }
            ],
            "patch_mode": "ImageDefault",
            "plan": [],
            "platform_fault_domain": -1,
            "priority": "Regular",
            "private_ip_address": "10.0.0.5",
            "private_ip_addresses": [
              "10.0.0.5"
            ],
            "provision_vm_agent": true,
            "proximity_placement_group_id": "",
            "public_ip_address": "",
            "public_ip_addresses": [],
            "resource_group_name": "azdevops-rg",
            "secret": [],
            "secure_boot_enabled": false,
            "size": "Standard_B1s",
            "source_image_id": "/subscriptions/1780bc89-8672-4bcd-8b0f-016eb40d22da/resourceGroups/azdevops-rg/providers/Microsoft.Compute/images/packer-image",
            "source_image_reference": [],
            "tags": {
              "environment": "dev",
              "project": "Deploy Web Server in Azure"
            },
            "termination_notification": null,
            "timeouts": null,
            "user_data": "",
            "virtual_machine_id": "ad60b378-add2-4ad9-89f6-74cd7fa77dcd",
            "virtual_machine_scale_set_id": "",
            "vtpm_enabled": false,
            "zone": ""
          },
          "sensitive_attributes": [],
          "private": "eyJlMmJmYjczMC1lY2FhLTExZTYtOGY4OC0zNDM2M2JjN2M0YzAiOnsiY3JlYXRlIjoyNzAwMDAwMDAwMDAwLCJkZWxldGUiOjI3MDAwMDAwMDAwMDAsInJlYWQiOjMwMDAwMDAwMDAwMCwidXBkYXRlIjoyNzAwMDAwMDAwMDAwfX0=",
          "dependencies": [
            "azurerm_availability_set.main",
            "azurerm_network_interface.main",
            "azurerm_resource_group.main",
            "azurerm_subnet.main",
            "azurerm_virtual_network.main",
            "data.azurerm_image.packer-image"
          ]
        }
      ]
    },
    {
      "mode": "managed",
      "type": "azurerm_managed_disk",
      "name": "main",
      "provider": "provider[\"registry.terraform.io/hashicorp/azurerm\"]",
      "instances": [
        {
          "index_key": 0,
          "schema_version": 0,
          "attributes": {
            "create_option": "Empty",
            "disk_access_id": "",
            "disk_encryption_set_id": "",
            "disk_iops_read_only": 0,
            "disk_iops_read_write": 500,
            "disk_mbps_read_only": 0,
            "disk_mbps_read_write": 60,
            "disk_size_gb": 10,
            "edge_zone": "",
            "encryption_settings": [],
            "gallery_image_reference_id": "",
            "hyper_v_generation": "",
            "id": "/subscriptions/1780bc89-8672-4bcd-8b0f-016eb40d22da/resourceGroups/azdevops-rg/providers/Microsoft.Compute/disks/azdevops-datadisk-0",
            "image_reference_id": "",
            "location": "westus",
            "logical_sector_size": null,
            "max_shares": 0,
            "name": "azdevops-datadisk-0",
            "network_access_policy": null,
            "on_demand_bursting_enabled": false,
            "os_type": "",
            "public_network_access_enabled": true,
            "resource_group_name": "azdevops-rg",
            "secure_vm_disk_encryption_set_id": "",
            "security_type": "",
            "source_resource_id": "",
            "source_uri": "",
            "storage_account_id": "",
            "storage_account_type": "Standard_LRS",
            "tags": {
              "environment": "dev",
              "project": "Deploy Web Server in Azure"
            },
            "tier": "",
            "timeouts": null,
            "trusted_launch_enabled": false,
            "zone": ""
          },
          "sensitive_attributes": [],
          "private": "eyJlMmJmYjczMC1lY2FhLTExZTYtOGY4OC0zNDM2M2JjN2M0YzAiOnsiY3JlYXRlIjoxODAwMDAwMDAwMDAwLCJkZWxldGUiOjE4MDAwMDAwMDAwMDAsInJlYWQiOjMwMDAwMDAwMDAwMCwidXBkYXRlIjoxODAwMDAwMDAwMDAwfX0=",
          "dependencies": [
            "azurerm_resource_group.main"
          ]
        },
        {
          "index_key": 1,
          "schema_version": 0,
          "attributes": {
            "create_option": "Empty",
            "disk_access_id": "",
            "disk_encryption_set_id": "",
            "disk_iops_read_only": 0,
            "disk_iops_read_write": 500,
            "disk_mbps_read_only": 0,
            "disk_mbps_read_write": 60,
            "disk_size_gb": 10,
            "edge_zone": "",
            "encryption_settings": [],
            "gallery_image_reference_id": "",
            "hyper_v_generation": "",
            "id": "/subscriptions/1780bc89-8672-4bcd-8b0f-016eb40d22da/resourceGroups/azdevops-rg/providers/Microsoft.Compute/disks/azdevops-datadisk-1",
            "image_reference_id": "",
            "location": "westus",
            "logical_sector_size": null,
            "max_shares": 0,
            "name": "azdevops-datadisk-1",
            "network_access_policy": null,
            "on_demand_bursting_enabled": false,
            "os_type": "",
            "public_network_access_enabled": true,
            "resource_group_name": "azdevops-rg",
            "secure_vm_disk_encryption_set_id": "",
            "security_type": "",
            "source_resource_id": "",
            "source_uri": "",
            "storage_account_id": "",
            "storage_account_type": "Standard_LRS",
            "tags": {
              "environment": "dev",
              "project": "Deploy Web Server in Azure"
            },
            "tier": "",
            "timeouts": null,
            "trusted_launch_enabled": false,
            "zone": ""
          },
          "sensitive_attributes": [],
          "private": "eyJlMmJmYjczMC1lY2FhLTExZTYtOGY4OC0zNDM2M2JjN2M0YzAiOnsiY3JlYXRlIjoxODAwMDAwMDAwMDAwLCJkZWxldGUiOjE4MDAwMDAwMDAwMDAsInJlYWQiOjMwMDAwMDAwMDAwMCwidXBkYXRlIjoxODAwMDAwMDAwMDAwfX0=",
          "dependencies": [
            "azurerm_resource_group.main"
          ]
        },
        {
          "index_key": 2,
          "schema_version": 0,
          "attributes": {
            "create_option": "Empty",
            "disk_access_id": "",
            "disk_encryption_set_id": "",
            "disk_iops_read_only": 0,
            "disk_iops_read_write": 500,
            "disk_mbps_read_only": 0,
            "disk_mbps_read_write": 60,
            "disk_size_gb": 10,
            "edge_zone": "",
            "encryption_settings": [],
            "gallery_image_reference_id": "",
            "hyper_v_generation": "",
            "id": "/subscriptions/1780bc89-8672-4bcd-8b0f-016eb40d22da/resourceGroups/azdevops-rg/providers/Microsoft.Compute/disks/azdevops-datadisk-2",
            "image_reference_id": "",
            "location": "westus",
            "logical_sector_size": null,
            "max_shares": 0,
            "name": "azdevops-datadisk-2",
            "network_access_policy": null,
            "on_demand_bursting_enabled": false,
            "os_type": "",
            "public_network_access_enabled": true,
            "resource_group_name": "azdevops-rg",
            "secure_vm_disk_encryption_set_id": "",
            "security_type": "",
            "source_resource_id": "",
            "source_uri": "",
            "storage_account_id": "",
            "storage_account_type": "Standard_LRS",
            "tags": {
              "environment": "dev",
              "project": "Deploy Web Server in Azure"
            },
            "tier": "",
            "timeouts": null,
            "trusted_launch_enabled": false,
            "zone": ""
          },
          "sensitive_attributes": [],
          "private": "eyJlMmJmYjczMC1lY2FhLTExZTYtOGY4OC0zNDM2M2JjN2M0YzAiOnsiY3JlYXRlIjoxODAwMDAwMDAwMDAwLCJkZWxldGUiOjE4MDAwMDAwMDAwMDAsInJlYWQiOjMwMDAwMDAwMDAwMCwidXBkYXRlIjoxODAwMDAwMDAwMDAwfX0=",
          "dependencies": [
            "azurerm_resource_group.main"
          ]
        }
      ]
    },
    {
      "mode": "managed",
      "type": "azurerm_network_interface",
      "name": "main",
      "provider": "provider[\"registry.terraform.io/hashicorp/azurerm\"]",
      "instances": [
        {
          "index_key": 0,
          "schema_version": 0,
          "attributes": {
            "applied_dns_servers": [],
            "dns_servers": [],
            "edge_zone": "",
            "enable_accelerated_networking": false,
            "enable_ip_forwarding": false,
            "id": "/subscriptions/1780bc89-8672-4bcd-8b0f-016eb40d22da/resourceGroups/azdevops-rg/providers/Microsoft.Network/networkInterfaces/azdevops-nic-0",
            "internal_dns_name_label": "",
            "internal_domain_name_suffix": "vtuxbihie3puvgcjwkkxjlm2nc.dx.internal.cloudapp.net",
            "ip_configuration": [
              {
                "gateway_load_balancer_frontend_ip_configuration_id": "",
                "name": "azdevops-ipconfig",
                "primary": true,
                "private_ip_address": "10.0.0.6",
                "private_ip_address_allocation": "Dynamic",
                "private_ip_address_version": "IPv4",
                "public_ip_address_id": "",
                "subnet_id": "/subscriptions/1780bc89-8672-4bcd-8b0f-016eb40d22da/resourceGroups/azdevops-rg/providers/Microsoft.Network/virtualNetworks/azdevops-vnet/subnets/azdevops-subnet"
              }
            ],
            "location": "westus",
            "mac_address": "",
            "name": "azdevops-nic-0",
            "private_ip_address": "10.0.0.6",
            "private_ip_addresses": [
              "10.0.0.6"
            ],
            "resource_group_name": "azdevops-rg",
            "tags": {
              "environment": "dev",
              "project": "Deploy Web Server in Azure"
            },
            "timeouts": null,
            "virtual_machine_id": ""
          },
          "sensitive_attributes": [],
          "private": "eyJlMmJmYjczMC1lY2FhLTExZTYtOGY4OC0zNDM2M2JjN2M0YzAiOnsiY3JlYXRlIjoxODAwMDAwMDAwMDAwLCJkZWxldGUiOjE4MDAwMDAwMDAwMDAsInJlYWQiOjMwMDAwMDAwMDAwMCwidXBkYXRlIjoxODAwMDAwMDAwMDAwfX0=",
          "dependencies": [
            "azurerm_resource_group.main",
            "azurerm_subnet.main",
            "azurerm_virtual_network.main"
          ]
        },
        {
          "index_key": 1,
          "schema_version": 0,
          "attributes": {
            "applied_dns_servers": [],
            "dns_servers": [],
            "edge_zone": "",
            "enable_accelerated_networking": false,
            "enable_ip_forwarding": false,
            "id": "/subscriptions/1780bc89-8672-4bcd-8b0f-016eb40d22da/resourceGroups/azdevops-rg/providers/Microsoft.Network/networkInterfaces/azdevops-nic-1",
            "internal_dns_name_label": "",
            "internal_domain_name_suffix": "vtuxbihie3puvgcjwkkxjlm2nc.dx.internal.cloudapp.net",
            "ip_configuration": [
              {
                "gateway_load_balancer_frontend_ip_configuration_id": "",
                "name": "azdevops-ipconfig",
                "primary": true,
                "private_ip_address": "10.0.0.4",
                "private_ip_address_allocation": "Dynamic",
                "private_ip_address_version": "IPv4",
                "public_ip_address_id": "",
                "subnet_id": "/subscriptions/1780bc89-8672-4bcd-8b0f-016eb40d22da/resourceGroups/azdevops-rg/providers/Microsoft.Network/virtualNetworks/azdevops-vnet/subnets/azdevops-subnet"
              }
            ],
            "location": "westus",
            "mac_address": "",
            "name": "azdevops-nic-1",
            "private_ip_address": "10.0.0.4",
            "private_ip_addresses": [
              "10.0.0.4"
            ],
            "resource_group_name": "azdevops-rg",
            "tags": {
              "environment": "dev",
              "project": "Deploy Web Server in Azure"
            },
            "timeouts": null,
            "virtual_machine_id": ""
          },
          "sensitive_attributes": [],
          "private": "eyJlMmJmYjczMC1lY2FhLTExZTYtOGY4OC0zNDM2M2JjN2M0YzAiOnsiY3JlYXRlIjoxODAwMDAwMDAwMDAwLCJkZWxldGUiOjE4MDAwMDAwMDAwMDAsInJlYWQiOjMwMDAwMDAwMDAwMCwidXBkYXRlIjoxODAwMDAwMDAwMDAwfX0=",
          "dependencies": [
            "azurerm_resource_group.main",
            "azurerm_subnet.main",
            "azurerm_virtual_network.main"
          ]
        },
        {
          "index_key": 2,
          "schema_version": 0,
          "attributes": {
            "applied_dns_servers": [],
            "dns_servers": [],
            "edge_zone": "",
            "enable_accelerated_networking": false,
            "enable_ip_forwarding": false,
            "id": "/subscriptions/1780bc89-8672-4bcd-8b0f-016eb40d22da/resourceGroups/azdevops-rg/providers/Microsoft.Network/networkInterfaces/azdevops-nic-2",
            "internal_dns_name_label": "",
            "internal_domain_name_suffix": "vtuxbihie3puvgcjwkkxjlm2nc.dx.internal.cloudapp.net",
            "ip_configuration": [
              {
                "gateway_load_balancer_frontend_ip_configuration_id": "",
                "name": "azdevops-ipconfig",
                "primary": true,
                "private_ip_address": "10.0.0.5",
                "private_ip_address_allocation": "Dynamic",
                "private_ip_address_version": "IPv4",
                "public_ip_address_id": "",
                "subnet_id": "/subscriptions/1780bc89-8672-4bcd-8b0f-016eb40d22da/resourceGroups/azdevops-rg/providers/Microsoft.Network/virtualNetworks/azdevops-vnet/subnets/azdevops-subnet"
              }
            ],
            "location": "westus",
            "mac_address": "",
            "name": "azdevops-nic-2",
            "private_ip_address": "10.0.0.5",
            "private_ip_addresses": [
              "10.0.0.5"
            ],
            "resource_group_name": "azdevops-rg",
            "tags": {
              "environment": "dev",
              "project": "Deploy Web Server in Azure"
            },
            "timeouts": null,
            "virtual_machine_id": ""
          },
          "sensitive_attributes": [],
          "private": "eyJlMmJmYjczMC1lY2FhLTExZTYtOGY4OC0zNDM2M2JjN2M0YzAiOnsiY3JlYXRlIjoxODAwMDAwMDAwMDAwLCJkZWxldGUiOjE4MDAwMDAwMDAwMDAsInJlYWQiOjMwMDAwMDAwMDAwMCwidXBkYXRlIjoxODAwMDAwMDAwMDAwfX0=",
          "dependencies": [
            "azurerm_resource_group.main",
            "azurerm_subnet.main",
            "azurerm_virtual_network.main"
          ]
        }
      ]
    },
    {
      "mode": "managed",
      "type": "azurerm_network_interface_backend_address_pool_association",
      "name": "main",
      "provider": "provider[\"registry.terraform.io/hashicorp/azurerm\"]",
      "instances": [
        {
          "index_key": 0,
          "schema_version": 0,
          "attributes": {
            "backend_address_pool_id": "/subscriptions/1780bc89-8672-4bcd-8b0f-016eb40d22da/resourceGroups/azdevops-rg/providers/Microsoft.Network/loadBalancers/azdevops-lb/backendAddressPools/azdevops-backendpool",
            "id": "/subscriptions/1780bc89-8672-4bcd-8b0f-016eb40d22da/resourceGroups/azdevops-rg/providers/Microsoft.Network/networkInterfaces/azdevops-nic-0/ipConfigurations/azdevops-ipconfig|/subscriptions/1780bc89-8672-4bcd-8b0f-016eb40d22da/resourceGroups/azdevops-rg/providers/Microsoft.Network/loadBalancers/azdevops-lb/backendAddressPools/azdevops-backendpool",
            "ip_configuration_name": "azdevops-ipconfig",
            "network_interface_id": "/subscriptions/1780bc89-8672-4bcd-8b0f-016eb40d22da/resourceGroups/azdevops-rg/providers/Microsoft.Network/networkInterfaces/azdevops-nic-0",
            "timeouts": null
          },
          "sensitive_attributes": [],
          "private": "eyJlMmJmYjczMC1lY2FhLTExZTYtOGY4OC0zNDM2M2JjN2M0YzAiOnsiY3JlYXRlIjoxODAwMDAwMDAwMDAwLCJkZWxldGUiOjE4MDAwMDAwMDAwMDAsInJlYWQiOjMwMDAwMDAwMDAwMCwidXBkYXRlIjoxODAwMDAwMDAwMDAwfX0=",
          "dependencies": [
            "azurerm_lb.main",
            "azurerm_lb_backend_address_pool.main",
            "azurerm_network_interface.main",
            "azurerm_public_ip.main",
            "azurerm_resource_group.main",
            "azurerm_subnet.main",
            "azurerm_virtual_network.main"
          ]
        },
        {
          "index_key": 1,
          "schema_version": 0,
          "attributes": {
            "backend_address_pool_id": "/subscriptions/1780bc89-8672-4bcd-8b0f-016eb40d22da/resourceGroups/azdevops-rg/providers/Microsoft.Network/loadBalancers/azdevops-lb/backendAddressPools/azdevops-backendpool",
            "id": "/subscriptions/1780bc89-8672-4bcd-8b0f-016eb40d22da/resourceGroups/azdevops-rg/providers/Microsoft.Network/networkInterfaces/azdevops-nic-1/ipConfigurations/azdevops-ipconfig|/subscriptions/1780bc89-8672-4bcd-8b0f-016eb40d22da/resourceGroups/azdevops-rg/providers/Microsoft.Network/loadBalancers/azdevops-lb/backendAddressPools/azdevops-backendpool",
            "ip_configuration_name": "azdevops-ipconfig",
            "network_interface_id": "/subscriptions/1780bc89-8672-4bcd-8b0f-016eb40d22da/resourceGroups/azdevops-rg/providers/Microsoft.Network/networkInterfaces/azdevops-nic-1",
            "timeouts": null
          },
          "sensitive_attributes": [],
          "private": "eyJlMmJmYjczMC1lY2FhLTExZTYtOGY4OC0zNDM2M2JjN2M0YzAiOnsiY3JlYXRlIjoxODAwMDAwMDAwMDAwLCJkZWxldGUiOjE4MDAwMDAwMDAwMDAsInJlYWQiOjMwMDAwMDAwMDAwMCwidXBkYXRlIjoxODAwMDAwMDAwMDAwfX0=",
          "dependencies": [
            "azurerm_lb.main",
            "azurerm_lb_backend_address_pool.main",
            "azurerm_network_interface.main",
            "azurerm_public_ip.main",
            "azurerm_resource_group.main",
            "azurerm_subnet.main",
            "azurerm_virtual_network.main"
          ]
        },
        {
          "index_key": 2,
          "schema_version": 0,
          "attributes": {
            "backend_address_pool_id": "/subscriptions/1780bc89-8672-4bcd-8b0f-016eb40d22da/resourceGroups/azdevops-rg/providers/Microsoft.Network/loadBalancers/azdevops-lb/backendAddressPools/azdevops-backendpool",
            "id": "/subscriptions/1780bc89-8672-4bcd-8b0f-016eb40d22da/resourceGroups/azdevops-rg/providers/Microsoft.Network/networkInterfaces/azdevops-nic-2/ipConfigurations/azdevops-ipconfig|/subscriptions/1780bc89-8672-4bcd-8b0f-016eb40d22da/resourceGroups/azdevops-rg/providers/Microsoft.Network/loadBalancers/azdevops-lb/backendAddressPools/azdevops-backendpool",
            "ip_configuration_name": "azdevops-ipconfig",
            "network_interface_id": "/subscriptions/1780bc89-8672-4bcd-8b0f-016eb40d22da/resourceGroups/azdevops-rg/providers/Microsoft.Network/networkInterfaces/azdevops-nic-2",
            "timeouts": null
          },
          "sensitive_attributes": [],
          "private": "eyJlMmJmYjczMC1lY2FhLTExZTYtOGY4OC0zNDM2M2JjN2M0YzAiOnsiY3JlYXRlIjoxODAwMDAwMDAwMDAwLCJkZWxldGUiOjE4MDAwMDAwMDAwMDAsInJlYWQiOjMwMDAwMDAwMDAwMCwidXBkYXRlIjoxODAwMDAwMDAwMDAwfX0=",
          "dependencies": [
            "azurerm_lb.main",
            "azurerm_lb_backend_address_pool.main",
            "azurerm_network_interface.main",
            "azurerm_public_ip.main",
            "azurerm_resource_group.main",
            "azurerm_subnet.main",
            "azurerm_virtual_network.main"
          ]
        }
      ]
    },
    {
      "mode": "managed",
      "type": "azurerm_network_interface_security_group_association",
      "name": "main",
      "provider": "provider[\"registry.terraform.io/hashicorp/azurerm\"]",
      "instances": [
        {
          "index_key": 0,
          "schema_version": 0,
          "attributes": {
            "id": "/subscriptions/1780bc89-8672-4bcd-8b0f-016eb40d22da/resourceGroups/azdevops-rg/providers/Microsoft.Network/networkInterfaces/azdevops-nic-0|/subscriptions/1780bc89-8672-4bcd-8b0f-016eb40d22da/resourceGroups/azdevops-rg/providers/Microsoft.Network/networkSecurityGroups/azdevops-nsg",
            "network_interface_id": "/subscriptions/1780bc89-8672-4bcd-8b0f-016eb40d22da/resourceGroups/azdevops-rg/providers/Microsoft.Network/networkInterfaces/azdevops-nic-0",
            "network_security_group_id": "/subscriptions/1780bc89-8672-4bcd-8b0f-016eb40d22da/resourceGroups/azdevops-rg/providers/Microsoft.Network/networkSecurityGroups/azdevops-nsg",
            "timeouts": null
          },
          "sensitive_attributes": [],
          "private": "eyJlMmJmYjczMC1lY2FhLTExZTYtOGY4OC0zNDM2M2JjN2M0YzAiOnsiY3JlYXRlIjoxODAwMDAwMDAwMDAwLCJkZWxldGUiOjE4MDAwMDAwMDAwMDAsInJlYWQiOjMwMDAwMDAwMDAwMCwidXBkYXRlIjoxODAwMDAwMDAwMDAwfX0=",
          "dependencies": [
            "azurerm_network_interface.main",
            "azurerm_network_security_group.main",
            "azurerm_resource_group.main",
            "azurerm_subnet.main",
            "azurerm_virtual_network.main"
          ]
        },
        {
          "index_key": 1,
          "schema_version": 0,
          "attributes": {
            "id": "/subscriptions/1780bc89-8672-4bcd-8b0f-016eb40d22da/resourceGroups/azdevops-rg/providers/Microsoft.Network/networkInterfaces/azdevops-nic-1|/subscriptions/1780bc89-8672-4bcd-8b0f-016eb40d22da/resourceGroups/azdevops-rg/providers/Microsoft.Network/networkSecurityGroups/azdevops-nsg",
            "network_interface_id": "/subscriptions/1780bc89-8672-4bcd-8b0f-016eb40d22da/resourceGroups/azdevops-rg/providers/Microsoft.Network/networkInterfaces/azdevops-nic-1",
            "network_security_group_id": "/subscriptions/1780bc89-8672-4bcd-8b0f-016eb40d22da/resourceGroups/azdevops-rg/providers/Microsoft.Network/networkSecurityGroups/azdevops-nsg",
            "timeouts": null
          },
          "sensitive_attributes": [],
          "private": "eyJlMmJmYjczMC1lY2FhLTExZTYtOGY4OC0zNDM2M2JjN2M0YzAiOnsiY3JlYXRlIjoxODAwMDAwMDAwMDAwLCJkZWxldGUiOjE4MDAwMDAwMDAwMDAsInJlYWQiOjMwMDAwMDAwMDAwMCwidXBkYXRlIjoxODAwMDAwMDAwMDAwfX0=",
          "dependencies": [
            "azurerm_network_interface.main",
            "azurerm_network_security_group.main",
            "azurerm_resource_group.main",
            "azurerm_subnet.main",
            "azurerm_virtual_network.main"
          ]
        },
        {
          "index_key": 2,
          "schema_version": 0,
          "attributes": {
            "id": "/subscriptions/1780bc89-8672-4bcd-8b0f-016eb40d22da/resourceGroups/azdevops-rg/providers/Microsoft.Network/networkInterfaces/azdevops-nic-2|/subscriptions/1780bc89-8672-4bcd-8b0f-016eb40d22da/resourceGroups/azdevops-rg/providers/Microsoft.Network/networkSecurityGroups/azdevops-nsg",
            "network_interface_id": "/subscriptions/1780bc89-8672-4bcd-8b0f-016eb40d22da/resourceGroups/azdevops-rg/providers/Microsoft.Network/networkInterfaces/azdevops-nic-2",
            "network_security_group_id": "/subscriptions/1780bc89-8672-4bcd-8b0f-016eb40d22da/resourceGroups/azdevops-rg/providers/Microsoft.Network/networkSecurityGroups/azdevops-nsg",
            "timeouts": null
          },
          "sensitive_attributes": [],
          "private": "eyJlMmJmYjczMC1lY2FhLTExZTYtOGY4OC0zNDM2M2JjN2M0YzAiOnsiY3JlYXRlIjoxODAwMDAwMDAwMDAwLCJkZWxldGUiOjE4MDAwMDAwMDAwMDAsInJlYWQiOjMwMDAwMDAwMDAwMCwidXBkYXRlIjoxODAwMDAwMDAwMDAwfX0=",
          "dependencies": [
            "azurerm_network_interface.main",
            "azurerm_network_security_group.main",
            "azurerm_resource_group.main",
            "azurerm_subnet.main",
            "azurerm_virtual_network.main"
          ]
        }
      ]
    },
    {
      "mode": "managed",
      "type": "azurerm_network_security_group",
      "name": "main",
      "provider": "provider[\"registry.terraform.io/hashicorp/azurerm\"]",
      "instances": [
        {
          "schema_version": 0,
          "attributes": {
            "id": "/subscriptions/1780bc89-8672-4bcd-8b0f-016eb40d22da/resourceGroups/azdevops-rg/providers/Microsoft.Network/networkSecurityGroups/azdevops-nsg",
            "location": "westus",
            "name": "azdevops-nsg",
            "resource_group_name": "azdevops-rg",
            "security_rule": [],
            "tags": {
              "environment": "dev",
              "project": "Deploy Web Server in Azure"
            },
            "timeouts": null
          },
          "sensitive_attributes": [],
          "private": "eyJlMmJmYjczMC1lY2FhLTExZTYtOGY4OC0zNDM2M2JjN2M0YzAiOnsiY3JlYXRlIjoxODAwMDAwMDAwMDAwLCJkZWxldGUiOjE4MDAwMDAwMDAwMDAsInJlYWQiOjMwMDAwMDAwMDAwMCwidXBkYXRlIjoxODAwMDAwMDAwMDAwfX0=",
          "dependencies": [
            "azurerm_resource_group.main"
          ]
        }
      ]
    },
    {
      "mode": "managed",
      "type": "azurerm_network_security_rule",
      "name": "blockinternet",
      "provider": "provider[\"registry.terraform.io/hashicorp/azurerm\"]",
      "instances": [
        {
          "schema_version": 0,
          "attributes": {
            "access": "Deny",
            "description": "",
            "destination_address_prefix": "*",
            "destination_address_prefixes": null,
            "destination_application_security_group_ids": null,
            "destination_port_range": "*",
            "destination_port_ranges": null,
            "direction": "Inbound",
            "id": "/subscriptions/1780bc89-8672-4bcd-8b0f-016eb40d22da/resourceGroups/azdevops-rg/providers/Microsoft.Network/networkSecurityGroups/azdevops-nsg/securityRules/BlockAllInternet",
            "name": "BlockAllInternet",
            "network_security_group_name": "azdevops-nsg",
            "priority": 120,
            "protocol": "*",
            "resource_group_name": "azdevops-rg",
            "source_address_prefix": "*",
            "source_address_prefixes": null,
            "source_application_security_group_ids": null,
            "source_port_range": "*",
            "source_port_ranges": null,
            "timeouts": null
          },
          "sensitive_attributes": [],
          "private": "eyJlMmJmYjczMC1lY2FhLTExZTYtOGY4OC0zNDM2M2JjN2M0YzAiOnsiY3JlYXRlIjoxODAwMDAwMDAwMDAwLCJkZWxldGUiOjE4MDAwMDAwMDAwMDAsInJlYWQiOjMwMDAwMDAwMDAwMCwidXBkYXRlIjoxODAwMDAwMDAwMDAwfX0=",
          "dependencies": [
            "azurerm_network_security_group.main",
            "azurerm_resource_group.main"
          ]
        }
      ]
    },
    {
      "mode": "managed",
      "type": "azurerm_network_security_rule",
      "name": "vnet",
      "provider": "provider[\"registry.terraform.io/hashicorp/azurerm\"]",
      "instances": [
        {
          "schema_version": 0,
          "attributes": {
            "access": "Allow",
            "description": "",
            "destination_address_prefix": "10.0.0.0/16",
            "destination_address_prefixes": null,
            "destination_application_security_group_ids": null,
            "destination_port_range": "*",
            "destination_port_ranges": null,
            "direction": "Inbound",
            "id": "/subscriptions/1780bc89-8672-4bcd-8b0f-016eb40d22da/resourceGroups/azdevops-rg/providers/Microsoft.Network/networkSecurityGroups/azdevops-nsg/securityRules/AllowTrafficWithinVNET",
            "name": "AllowTrafficWithinVNET",
            "network_security_group_name": "azdevops-nsg",
            "priority": 110,
            "protocol": "Tcp",
            "resource_group_name": "azdevops-rg",
            "source_address_prefix": "10.0.0.0/16",
            "source_address_prefixes": null,
            "source_application_security_group_ids": null,
            "source_port_range": "*",
            "source_port_ranges": null,
            "timeouts": null
          },
          "sensitive_attributes": [],
          "private": "eyJlMmJmYjczMC1lY2FhLTExZTYtOGY4OC0zNDM2M2JjN2M0YzAiOnsiY3JlYXRlIjoxODAwMDAwMDAwMDAwLCJkZWxldGUiOjE4MDAwMDAwMDAwMDAsInJlYWQiOjMwMDAwMDAwMDAwMCwidXBkYXRlIjoxODAwMDAwMDAwMDAwfX0=",
          "dependencies": [
            "azurerm_network_security_group.main",
            "azurerm_resource_group.main"
          ]
        }
      ]
    },
    {
      "mode": "managed",
      "type": "azurerm_public_ip",
      "name": "main",
      "provider": "provider[\"registry.terraform.io/hashicorp/azurerm\"]",
      "instances": [
        {
          "schema_version": 0,
          "attributes": {
            "allocation_method": "Static",
            "domain_name_label": "azdevops-project",
            "edge_zone": "",
            "fqdn": "azdevops-project.westus.cloudapp.azure.com",
            "id": "/subscriptions/1780bc89-8672-4bcd-8b0f-016eb40d22da/resourceGroups/azdevops-rg/providers/Microsoft.Network/publicIPAddresses/azdevops-ip",
            "idle_timeout_in_minutes": 4,
            "ip_address": "20.245.49.115",
            "ip_tags": null,
            "ip_version": "IPv4",
            "location": "westus",
            "name": "azdevops-ip",
            "public_ip_prefix_id": null,
            "resource_group_name": "azdevops-rg",
            "reverse_fqdn": "",
            "sku": "Standard",
            "sku_tier": "Regional",
            "tags": {
              "environment": "dev",
              "project": "Deploy Web Server in Azure"
            },
            "timeouts": null,
            "zones": null
          },
          "sensitive_attributes": [],
          "private": "eyJlMmJmYjczMC1lY2FhLTExZTYtOGY4OC0zNDM2M2JjN2M0YzAiOnsiY3JlYXRlIjoxODAwMDAwMDAwMDAwLCJkZWxldGUiOjE4MDAwMDAwMDAwMDAsInJlYWQiOjMwMDAwMDAwMDAwMCwidXBkYXRlIjoxODAwMDAwMDAwMDAwfX0=",
          "dependencies": [
            "azurerm_resource_group.main"
          ]
        }
      ]
    },
    {
      "mode": "managed",
      "type": "azurerm_resource_group",
      "name": "main",
      "provider": "provider[\"registry.terraform.io/hashicorp/azurerm\"]",
      "instances": [
        {
          "schema_version": 0,
          "attributes": {
            "id": "/subscriptions/1780bc89-8672-4bcd-8b0f-016eb40d22da/resourceGroups/azdevops-rg",
            "location": "westus",
            "name": "azdevops-rg",
            "tags": {},
            "timeouts": null
          },
          "sensitive_attributes": [],
          "private": "eyJlMmJmYjczMC1lY2FhLTExZTYtOGY4OC0zNDM2M2JjN2M0YzAiOnsiY3JlYXRlIjo1NDAwMDAwMDAwMDAwLCJkZWxldGUiOjU0MDAwMDAwMDAwMDAsInJlYWQiOjMwMDAwMDAwMDAwMCwidXBkYXRlIjo1NDAwMDAwMDAwMDAwfX0="
        }
      ]
    },
    {
      "mode": "managed",
      "type": "azurerm_subnet",
      "name": "main",
      "provider": "provider[\"registry.terraform.io/hashicorp/azurerm\"]",
      "instances": [
        {
          "schema_version": 0,
          "attributes": {
            "address_prefixes": [
              "10.0.0.0/24"
            ],
            "delegation": [],
            "enforce_private_link_endpoint_network_policies": false,
            "enforce_private_link_service_network_policies": false,
            "id": "/subscriptions/1780bc89-8672-4bcd-8b0f-016eb40d22da/resourceGroups/azdevops-rg/providers/Microsoft.Network/virtualNetworks/azdevops-vnet/subnets/azdevops-subnet",
            "name": "azdevops-subnet",
            "private_endpoint_network_policies_enabled": true,
            "private_link_service_network_policies_enabled": true,
            "resource_group_name": "azdevops-rg",
            "service_endpoint_policy_ids": null,
            "service_endpoints": null,
            "timeouts": null,
            "virtual_network_name": "azdevops-vnet"
          },
          "sensitive_attributes": [],
          "private": "eyJlMmJmYjczMC1lY2FhLTExZTYtOGY4OC0zNDM2M2JjN2M0YzAiOnsiY3JlYXRlIjoxODAwMDAwMDAwMDAwLCJkZWxldGUiOjE4MDAwMDAwMDAwMDAsInJlYWQiOjMwMDAwMDAwMDAwMCwidXBkYXRlIjoxODAwMDAwMDAwMDAwfX0=",
          "dependencies": [
            "azurerm_resource_group.main",
            "azurerm_virtual_network.main"
          ]
        }
      ]
    },
    {
      "mode": "managed",
      "type": "azurerm_virtual_machine_data_disk_attachment",
      "name": "main",
      "provider": "provider[\"registry.terraform.io/hashicorp/azurerm\"]",
      "instances": [
        {
          "index_key": 0,
          "schema_version": 0,
          "attributes": {
            "caching": "ReadWrite",
            "create_option": "Attach",
            "id": "/subscriptions/1780bc89-8672-4bcd-8b0f-016eb40d22da/resourceGroups/azdevops-rg/providers/Microsoft.Compute/virtualMachines/azdevops-vm-0/dataDisks/azdevops-datadisk-0",
            "lun": 0,
            "managed_disk_id": "/subscriptions/1780bc89-8672-4bcd-8b0f-016eb40d22da/resourceGroups/azdevops-rg/providers/Microsoft.Compute/disks/azdevops-datadisk-0",
            "timeouts": null,
            "virtual_machine_id": "/subscriptions/1780bc89-8672-4bcd-8b0f-016eb40d22da/resourceGroups/azdevops-rg/providers/Microsoft.Compute/virtualMachines/azdevops-vm-0",
            "write_accelerator_enabled": false
          },
          "sensitive_attributes": [],
          "private": "eyJlMmJmYjczMC1lY2FhLTExZTYtOGY4OC0zNDM2M2JjN2M0YzAiOnsiY3JlYXRlIjoxODAwMDAwMDAwMDAwLCJkZWxldGUiOjE4MDAwMDAwMDAwMDAsInJlYWQiOjMwMDAwMDAwMDAwMCwidXBkYXRlIjoxODAwMDAwMDAwMDAwfX0=",
          "dependencies": [
            "azurerm_availability_set.main",
            "azurerm_linux_virtual_machine.main",
            "azurerm_managed_disk.main",
            "azurerm_network_interface.main",
            "azurerm_resource_group.main",
            "azurerm_subnet.main",
            "azurerm_virtual_network.main",
            "data.azurerm_image.packer-image"
          ]
        },
        {
          "index_key": 1,
          "schema_version": 0,
          "attributes": {
            "caching": "ReadWrite",
            "create_option": "Attach",
            "id": "/subscriptions/1780bc89-8672-4bcd-8b0f-016eb40d22da/resourceGroups/azdevops-rg/providers/Microsoft.Compute/virtualMachines/azdevops-vm-1/dataDisks/azdevops-datadisk-1",
            "lun": 0,
            "managed_disk_id": "/subscriptions/1780bc89-8672-4bcd-8b0f-016eb40d22da/resourceGroups/azdevops-rg/providers/Microsoft.Compute/disks/azdevops-datadisk-1",
            "timeouts": null,
            "virtual_machine_id": "/subscriptions/1780bc89-8672-4bcd-8b0f-016eb40d22da/resourceGroups/azdevops-rg/providers/Microsoft.Compute/virtualMachines/azdevops-vm-1",
            "write_accelerator_enabled": false
          },
          "sensitive_attributes": [],
          "private": "eyJlMmJmYjczMC1lY2FhLTExZTYtOGY4OC0zNDM2M2JjN2M0YzAiOnsiY3JlYXRlIjoxODAwMDAwMDAwMDAwLCJkZWxldGUiOjE4MDAwMDAwMDAwMDAsInJlYWQiOjMwMDAwMDAwMDAwMCwidXBkYXRlIjoxODAwMDAwMDAwMDAwfX0=",
          "dependencies": [
            "azurerm_availability_set.main",
            "azurerm_linux_virtual_machine.main",
            "azurerm_managed_disk.main",
            "azurerm_network_interface.main",
            "azurerm_resource_group.main",
            "azurerm_subnet.main",
            "azurerm_virtual_network.main",
            "data.azurerm_image.packer-image"
          ]
        },
        {
          "index_key": 2,
          "schema_version": 0,
          "attributes": {
            "caching": "ReadWrite",
            "create_option": "Attach",
            "id": "/subscriptions/1780bc89-8672-4bcd-8b0f-016eb40d22da/resourceGroups/azdevops-rg/providers/Microsoft.Compute/virtualMachines/azdevops-vm-2/dataDisks/azdevops-datadisk-2",
            "lun": 0,
            "managed_disk_id": "/subscriptions/1780bc89-8672-4bcd-8b0f-016eb40d22da/resourceGroups/azdevops-rg/providers/Microsoft.Compute/disks/azdevops-datadisk-2",
            "timeouts": null,
            "virtual_machine_id": "/subscriptions/1780bc89-8672-4bcd-8b0f-016eb40d22da/resourceGroups/azdevops-rg/providers/Microsoft.Compute/virtualMachines/azdevops-vm-2",
            "write_accelerator_enabled": false
          },
          "sensitive_attributes": [],
          "private": "eyJlMmJmYjczMC1lY2FhLTExZTYtOGY4OC0zNDM2M2JjN2M0YzAiOnsiY3JlYXRlIjoxODAwMDAwMDAwMDAwLCJkZWxldGUiOjE4MDAwMDAwMDAwMDAsInJlYWQiOjMwMDAwMDAwMDAwMCwidXBkYXRlIjoxODAwMDAwMDAwMDAwfX0=",
          "dependencies": [
            "azurerm_availability_set.main",
            "azurerm_linux_virtual_machine.main",
            "azurerm_managed_disk.main",
            "azurerm_network_interface.main",
            "azurerm_resource_group.main",
            "azurerm_subnet.main",
            "azurerm_virtual_network.main",
            "data.azurerm_image.packer-image"
          ]
        }
      ]
    },
    {
      "mode": "managed",
      "type": "azurerm_virtual_network",
      "name": "main",
      "provider": "provider[\"registry.terraform.io/hashicorp/azurerm\"]",
      "instances": [
        {
          "schema_version": 0,
          "attributes": {
            "address_space": [
              "10.0.0.0/16"
            ],
            "bgp_community": "",
            "ddos_protection_plan": [],
            "dns_servers": [],
            "edge_zone": "",
            "flow_timeout_in_minutes": 0,
            "guid": "a070e9ac-27e8-4a5f-9849-b29574ad9c6a",
            "id": "/subscriptions/1780bc89-8672-4bcd-8b0f-016eb40d22da/resourceGroups/azdevops-rg/providers/Microsoft.Network/virtualNetworks/azdevops-vnet",
            "location": "westus",
            "name": "azdevops-vnet",
            "resource_group_name": "azdevops-rg",
            "subnet": [],
            "tags": {
              "environment": "dev",
              "project": "Deploy Web Server in Azure"
            },
            "timeouts": null
          },
          "sensitive_attributes": [],
          "private": "eyJlMmJmYjczMC1lY2FhLTExZTYtOGY4OC0zNDM2M2JjN2M0YzAiOnsiY3JlYXRlIjoxODAwMDAwMDAwMDAwLCJkZWxldGUiOjE4MDAwMDAwMDAwMDAsInJlYWQiOjMwMDAwMDAwMDAwMCwidXBkYXRlIjoxODAwMDAwMDAwMDAwfX0=",
          "dependencies": [
            "azurerm_resource_group.main"
          ]
        }
      ]
    }
  ]
}
